
Microsoft Visual Studio Solution File, Format Version 12.00
# Visual Studio 2013
VisualStudioVersion = 12.0.31101.0
MinimumVisualStudioVersion = 10.0.40219.1
Project("{FAE04EC0-301F-11D3-BF4B-00C04F79EFBC}") = "HaloOnline.Server", "HaloOnline.Server\HaloOnline.Server.csproj", "{72F5580B-9BF2-44D8-B4DF-9B8F40856955}"
EndProject
Project("{FAE04EC0-301F-11D3-BF4B-00C04F79EFBC}") = "HaloOnline.Server.Core.Http", "HaloOnline.Server.Core.Http\HaloOnline.Server.Core.Http.csproj", "{027E018C-E931-4AC6-9A9B-C94444AD6216}"
EndProject
Project("{FAE04EC0-301F-11D3-BF4B-00C04F79EFBC}") = "HaloOnline.Server.Model", "HaloOnline.Server.Model\HaloOnline.Server.Model.csproj", "{70802DE7-2C91-4D77-980E-8D2AA74B5C20}"
EndProject
Project("{FAE04EC0-301F-11D3-BF4B-00C04F79EFBC}") = "HaloOnline.Server.App", "HaloOnline.Server.App\HaloOnline.Server.App.csproj", "{3337078A-8C99-440F-A4E0-4AE9ABFF4253}"
EndProject
Project("{FAE04EC0-301F-11D3-BF4B-00C04F79EFBC}") = "HaloOnline.Server.Core.Log", "HaloOnline.Server.Core.Log\HaloOnline.Server.Core.Log.csproj", "{D740F742-ACA9-45F4-A4ED-E2449A3FADED}"
EndProject
Project("{FAE04EC0-301F-11D3-BF4B-00C04F79EFBC}") = "HaloOnline.Server.Common", "HaloOnline.Server.Common\HaloOnline.Server.Common.csproj", "{FAEB96CC-1BB2-4B49-B04B-32C6DED17A2C}"
EndProject
Project("{FAE04EC0-301F-11D3-BF4B-00C04F79EFBC}") = "HaloOnline.Server.Core.Repository", "HaloOnline.Server.Core.Repository\HaloOnline.Server.Core.Repository.csproj", "{113F3ED0-3884-41B7-8F64-2B566085C6E0}"
EndProject
Project("{FAE04EC0-301F-11D3-BF4B-00C04F79EFBC}") = "HaloOnline.Server.Core.Scheduler", "HaloOnline.Server.Core.Scheduler\HaloOnline.Server.Core.Scheduler.csproj", "{89AB9D85-2A7E-440D-A1B6-73F44F59819C}"
EndProject
Global
	GlobalSection(SolutionConfigurationPlatforms) = preSolution
		Debug|Any CPU = Debug|Any CPU
		Release|Any CPU = Release|Any CPU
	EndGlobalSection
	GlobalSection(ProjectConfigurationPlatforms) = postSolution
		{72F5580B-9BF2-44D8-B4DF-9B8F40856955}.Debug|Any CPU.ActiveCfg = Debug|Any CPU
		{72F5580B-9BF2-44D8-B4DF-9B8F40856955}.Debug|Any CPU.Build.0 = Debug|Any CPU
		{72F5580B-9BF2-44D8-B4DF-9B8F40856955}.Release|Any CPU.ActiveCfg = Release|Any CPU
		{72F5580B-9BF2-44D8-B4DF-9B8F40856955}.Release|Any CPU.Build.0 = Release|Any CPU
		{027E018C-E931-4AC6-9A9B-C94444AD6216}.Debug|Any CPU.ActiveCfg = Debug|Any CPU
		{027E018C-E931-4AC6-9A9B-C94444AD6216}.Debug|Any CPU.Build.0 = Debug|Any CPU
		{027E018C-E931-4AC6-9A9B-C94444AD6216}.Release|Any CPU.ActiveCfg = Release|Any CPU
		{027E018C-E931-4AC6-9A9B-C94444AD6216}.Release|Any CPU.Build.0 = Release|Any CPU
		{70802DE7-2C91-4D77-980E-8D2AA74B5C20}.Debug|Any CPU.ActiveCfg = Debug|Any CPU
		{70802DE7-2C91-4D77-980E-8D2AA74B5C20}.Debug|Any CPU.Build.0 = Debug|Any CPU
		{70802DE7-2C91-4D77-980E-8D2AA74B5C20}.Release|Any CPU.ActiveCfg = Release|Any CPU
		{70802DE7-2C91-4D77-980E-8D2AA74B5C20}.Release|Any CPU.Build.0 = Release|Any CPU
		{3337078A-8C99-440F-A4E0-4AE9ABFF4253}.Debug|Any CPU.ActiveCfg = Debug|Any CPU
		{3337078A-8C99-440F-A4E0-4AE9ABFF4253}.Debug|Any CPU.Build.0 = Debug|Any CPU
		{3337078A-8C99-440F-A4E0-4AE9ABFF4253}.Release|Any CPU.ActiveCfg = Release|Any CPU
		{3337078A-8C99-440F-A4E0-4AE9ABFF4253}.Release|Any CPU.Build.0 = Release|Any CPU
		{D740F742-ACA9-45F4-A4ED-E2449A3FADED}.Debug|Any CPU.ActiveCfg = Debug|Any CPU
		{D740F742-ACA9-45F4-A4ED-E2449A3FADED}.Debug|Any CPU.Build.0 = Debug|Any CPU
		{D740F742-ACA9-45F4-A4ED-E2449A3FADED}.Release|Any CPU.ActiveCfg = Release|Any CPU
		{D740F742-ACA9-45F4-A4ED-E2449A3FADED}.Release|Any CPU.Build.0 = Release|Any CPU
		{FAEB96CC-1BB2-4B49-B04B-32C6DED17A2C}.Debug|Any CPU.ActiveCfg = Debug|Any CPU
		{FAEB96CC-1BB2-4B49-B04B-32C6DED17A2C}.Debug|Any CPU.Build.0 = Debug|Any CPU
		{FAEB96CC-1BB2-4B49-B04B-32C6DED17A2C}.Release|Any CPU.ActiveCfg = Release|Any CPU
		{FAEB96CC-1BB2-4B49-B04B-32C6DED17A2C}.Release|Any CPU.Build.0 = Release|Any CPU
		{113F3ED0-3884-41B7-8F64-2B566085C6E0}.Debug|Any CPU.ActiveCfg = Debug|Any CPU
		{113F3ED0-3884-41B7-8F64-2B566085C6E0}.Debug|Any CPU.Build.0 = Debug|Any CPU
		{113F3ED0-3884-41B7-8F64-2B566085C6E0}.Release|Any CPU.ActiveCfg = Release|Any CPU
		{113F3ED0-3884-41B7-8F64-2B566085C6E0}.Release|Any CPU.Build.0 = Release|Any CPU
		{89AB9D85-2A7E-440D-A1B6-73F44F59819C}.Debug|Any CPU.ActiveCfg = Debug|Any CPU
		{89AB9D85-2A7E-440D-A1B6-73F44F59819C}.Debug|Any CPU.Build.0 = Debug|Any CPU
		{89AB9D85-2A7E-440D-A1B6-73F44F59819C}.Release|Any CPU.ActiveCfg = Release|Any CPU
		{89AB9D85-2A7E-440D-A1B6-73F44F59819C}.Release|Any CPU.Build.0 = Release|Any CPU
	EndGlobalSection
	GlobalSection(SolutionProperties) = preSolution
		HideSolutionNode = FALSE
	EndGlobalSection
EndGlobal
